
Microsoft Visual Studio Solution File, Format Version 12.00
# Visual Studio Version 16
VisualStudioVersion = 16.0.30320.27
MinimumVisualStudioVersion = 10.0.40219.1
Project("{FAE04EC0-301F-11D3-BF4B-00C04F79EFBC}") = "RgDevBot", "RgDevBot\RgDevBot.csproj", "{2BAF765F-8E7E-4544-87D5-483EA9FECCA7}"
EndProject
Global
	GlobalSection(SolutionConfigurationPlatforms) = preSolution
		Debug|Any CPU = Debug|Any CPU
		Release|Any CPU = Release|Any CPU
	EndGlobalSection
	GlobalSection(ProjectConfigurationPlatforms) = postSolution
		{2BAF765F-8E7E-4544-87D5-483EA9FECCA7}.Debug|Any CPU.ActiveCfg = Debug|Any CPU
		{2BAF765F-8E7E-4544-87D5-483EA9FECCA7}.Debug|Any CPU.Build.0 = Debug|Any CPU
		{2BAF765F-8E7E-4544-87D5-483EA9FECCA7}.Release|Any CPU.ActiveCfg = Release|Any CPU
		{2BAF765F-8E7E-4544-87D5-483EA9FECCA7}.Release|Any CPU.Build.0 = Release|Any CPU
	EndGlobalSection
	GlobalSection(SolutionProperties) = preSolution
		HideSolutionNode = FALSE
	EndGlobalSection
	GlobalSection(ExtensibilityGlobals) = postSolution
		SolutionGuid = {9ACBCBC1-5D08-41F1-868C-F21CBF396874}
	EndGlobalSection
EndGlobal
